
Microsoft Visual Studio Solution File, Format Version 12.00
# Visual Studio Version 17
VisualStudioVersion = 17.11.35327.3
MinimumVisualStudioVersion = 10.0.40219.1
Project("{FAE04EC0-301F-11D3-BF4B-00C04F79EFBC}") = "AngularCoreNet.Server", "AngularCoreNet.Server\AngularCoreNet.Server.csproj", "{8674F12F-0772-4A0A-AE97-068B44B7F20C}"
EndProject
Project("{54A90642-561A-4BB1-A94E-469ADEE60C69}") = "angularcorenet.client", "angularcorenet.client\angularcorenet.client.esproj", "{49009E3A-C88E-4BE6-AB07-2535A6BD8292}"
EndProject
Global
	GlobalSection(SolutionConfigurationPlatforms) = preSolution
		Debug|Any CPU = Debug|Any CPU
		Release|Any CPU = Release|Any CPU
	EndGlobalSection
	GlobalSection(ProjectConfigurationPlatforms) = postSolution
		{8674F12F-0772-4A0A-AE97-068B44B7F20C}.Debug|Any CPU.ActiveCfg = Debug|Any CPU
		{8674F12F-0772-4A0A-AE97-068B44B7F20C}.Debug|Any CPU.Build.0 = Debug|Any CPU
		{8674F12F-0772-4A0A-AE97-068B44B7F20C}.Release|Any CPU.ActiveCfg = Release|Any CPU
		{8674F12F-0772-4A0A-AE97-068B44B7F20C}.Release|Any CPU.Build.0 = Release|Any CPU
		{49009E3A-C88E-4BE6-AB07-2535A6BD8292}.Debug|Any CPU.ActiveCfg = Debug|Any CPU
		{49009E3A-C88E-4BE6-AB07-2535A6BD8292}.Debug|Any CPU.Build.0 = Debug|Any CPU
		{49009E3A-C88E-4BE6-AB07-2535A6BD8292}.Debug|Any CPU.Deploy.0 = Debug|Any CPU
		{49009E3A-C88E-4BE6-AB07-2535A6BD8292}.Release|Any CPU.ActiveCfg = Release|Any CPU
		{49009E3A-C88E-4BE6-AB07-2535A6BD8292}.Release|Any CPU.Build.0 = Release|Any CPU
		{49009E3A-C88E-4BE6-AB07-2535A6BD8292}.Release|Any CPU.Deploy.0 = Release|Any CPU
	EndGlobalSection
	GlobalSection(SolutionProperties) = preSolution
		HideSolutionNode = FALSE
	EndGlobalSection
	GlobalSection(ExtensibilityGlobals) = postSolution
		SolutionGuid = {9A3DDE39-B8F9-418F-9510-AC0C0DCD14B1}
	EndGlobalSection
EndGlobal
